
Microsoft Visual Studio Solution File, Format Version 12.00
# Visual Studio Version 17
VisualStudioVersion = 17.14.36518.9 d17.14
MinimumVisualStudioVersion = 10.0.40219.1
Project("{FAE04EC0-301F-11D3-BF4B-00C04F79EFBC}") = "Tyuiu.VyazovES.Sprint5.Task0.V10", "Tyuiu.VyazovES.Sprint5.Task0.V10\Tyuiu.VyazovES.Sprint5.Task0.V10.csproj", "{74BC8E41-D24F-45D2-B7C1-17C2AC50DD93}"
EndProject
Project("{2150E333-8FDC-42A3-9474-1A3956D46DE8}") = "Task0", "Task0", "{36D591C7-65C7-A0D1-1CBC-10CDE441BDC8}"
EndProject
Project("{FAE04EC0-301F-11D3-BF4B-00C04F79EFBC}") = "Tyuiu.VyazovES.Sprint5.Task0.V10.Lib", "Tyuiu.VyazovES.Sprint5.Task0.V10.Lib\Tyuiu.VyazovES.Sprint5.Task0.V10.Lib.csproj", "{9DE4F4B8-BD30-448A-9296-792F1D7E116C}"
EndProject
Project("{FAE04EC0-301F-11D3-BF4B-00C04F79EFBC}") = "Tyuiu.VyazovES.Sprint5.Task0.V10.Test", "Tyuiu.VyazovES.Sprint5.Task0.V10.Test\Tyuiu.VyazovES.Sprint5.Task0.V10.Test.csproj", "{ABE2B486-0635-435D-B185-59C4BEBCF44F}"
EndProject
Project("{2150E333-8FDC-42A3-9474-1A3956D46DE8}") = "Task1", "Task1", "{165A973C-878A-458E-BA04-67C7FDA6F3CC}"
EndProject
Project("{FAE04EC0-301F-11D3-BF4B-00C04F79EFBC}") = "Tyuiu.VyazovES.Sprint5.Task1.V17", "Tyuiu.VyazovES.Sprint5.Task1.V17\Tyuiu.VyazovES.Sprint5.Task1.V17.csproj", "{D2D2E458-F7A7-41A7-A543-EA736CF3DB4F}"
EndProject
Project("{FAE04EC0-301F-11D3-BF4B-00C04F79EFBC}") = "Tyuiu.VyazovES.Sprint5.Task1.V17.Test", "Tyuiu.VyazovES.Sprint5.Task1.V17.Test\Tyuiu.VyazovES.Sprint5.Task1.V17.Test.csproj", "{10B7A14B-7E7F-40D2-B43E-6AEB42792549}"
EndProject
Project("{FAE04EC0-301F-11D3-BF4B-00C04F79EFBC}") = "Tyuiu.VyazovES.Sprint5.Task1.V17.Lib", "Tyuiu.VyazovES.Sprint5.Task1.V17.Lib\Tyuiu.VyazovES.Sprint5.Task1.V17.Lib.csproj", "{B9086F8A-A2F6-455D-A024-B2F779D57DAC}"
EndProject
Project("{2150E333-8FDC-42A3-9474-1A3956D46DE8}") = "Task2", "Task2", "{55D443A9-31F2-4243-A7FE-AB97E1F201BB}"
EndProject
Project("{FAE04EC0-301F-11D3-BF4B-00C04F79EFBC}") = "Tyuiu.VyazovES.Sprint5.Task2.V12", "Tyuiu.VyazovES.Sprint5.Task2.V12\Tyuiu.VyazovES.Sprint5.Task2.V12.csproj", "{098CDCB8-700C-473D-9FDD-C35B4E119262}"
EndProject
Project("{FAE04EC0-301F-11D3-BF4B-00C04F79EFBC}") = "Tyuiu.VyazovES.Sprint5.Task2.V12.Test", "Tyuiu.VyazovES.Sprint5.Task2.V12.Test\Tyuiu.VyazovES.Sprint5.Task2.V12.Test.csproj", "{41E41287-7A0F-416D-A3CD-04E9BED6769D}"
EndProject
Project("{FAE04EC0-301F-11D3-BF4B-00C04F79EFBC}") = "Tyuiu.VyazovES.Sprint5.Task2.V12.Lib", "Tyuiu.VyazovES.Sprint5.Task2.V12.Lib\Tyuiu.VyazovES.Sprint5.Task2.V12.Lib.csproj", "{8374D6D5-C566-4354-B981-2E3C6DF2DB36}"
EndProject
Project("{2150E333-8FDC-42A3-9474-1A3956D46DE8}") = "Task3", "Task3", "{B74B4061-BCDE-433D-8685-36EACF69F070}"
EndProject
Project("{FAE04EC0-301F-11D3-BF4B-00C04F79EFBC}") = "Tyuiu.VyazovES.Sprint5.Task3.V2", "Tyuiu.VyazovES.Sprint5.Task3.V4\Tyuiu.VyazovES.Sprint5.Task3.V2.csproj", "{1D67961D-F120-4AB5-A09B-D08A9F7179AE}"
EndProject
Project("{FAE04EC0-301F-11D3-BF4B-00C04F79EFBC}") = "Tyuiu.VyazovES.Sprint5.Task3.V2.Lib", "Tyuiu.VyazovES.Sprint5.Task3.V4.Lib\Tyuiu.VyazovES.Sprint5.Task3.V2.Lib.csproj", "{8F64A61A-9850-4F59-9016-B810F295D750}"
EndProject
Project("{FAE04EC0-301F-11D3-BF4B-00C04F79EFBC}") = "Tyuiu.VyazovES.Sprint5.Task3.V2.Test", "Tyuiu.VyazovES.Sprint5.Task3.V4.Test\Tyuiu.VyazovES.Sprint5.Task3.V2.Test.csproj", "{20E295E0-CB0D-4B4C-A605-176A2DDD92D4}"
EndProject
Global
	GlobalSection(SolutionConfigurationPlatforms) = preSolution
		Debug|Any CPU = Debug|Any CPU
		Release|Any CPU = Release|Any CPU
	EndGlobalSection
	GlobalSection(ProjectConfigurationPlatforms) = postSolution
		{74BC8E41-D24F-45D2-B7C1-17C2AC50DD93}.Debug|Any CPU.ActiveCfg = Debug|Any CPU
		{74BC8E41-D24F-45D2-B7C1-17C2AC50DD93}.Debug|Any CPU.Build.0 = Debug|Any CPU
		{74BC8E41-D24F-45D2-B7C1-17C2AC50DD93}.Release|Any CPU.ActiveCfg = Release|Any CPU
		{74BC8E41-D24F-45D2-B7C1-17C2AC50DD93}.Release|Any CPU.Build.0 = Release|Any CPU
		{9DE4F4B8-BD30-448A-9296-792F1D7E116C}.Debug|Any CPU.ActiveCfg = Debug|Any CPU
		{9DE4F4B8-BD30-448A-9296-792F1D7E116C}.Debug|Any CPU.Build.0 = Debug|Any CPU
		{9DE4F4B8-BD30-448A-9296-792F1D7E116C}.Release|Any CPU.ActiveCfg = Release|Any CPU
		{9DE4F4B8-BD30-448A-9296-792F1D7E116C}.Release|Any CPU.Build.0 = Release|Any CPU
		{ABE2B486-0635-435D-B185-59C4BEBCF44F}.Debug|Any CPU.ActiveCfg = Debug|Any CPU
		{ABE2B486-0635-435D-B185-59C4BEBCF44F}.Debug|Any CPU.Build.0 = Debug|Any CPU
		{ABE2B486-0635-435D-B185-59C4BEBCF44F}.Release|Any CPU.ActiveCfg = Release|Any CPU
		{ABE2B486-0635-435D-B185-59C4BEBCF44F}.Release|Any CPU.Build.0 = Release|Any CPU
		{D2D2E458-F7A7-41A7-A543-EA736CF3DB4F}.Debug|Any CPU.ActiveCfg = Debug|Any CPU
		{D2D2E458-F7A7-41A7-A543-EA736CF3DB4F}.Debug|Any CPU.Build.0 = Debug|Any CPU
		{D2D2E458-F7A7-41A7-A543-EA736CF3DB4F}.Release|Any CPU.ActiveCfg = Release|Any CPU
		{D2D2E458-F7A7-41A7-A543-EA736CF3DB4F}.Release|Any CPU.Build.0 = Release|Any CPU
		{10B7A14B-7E7F-40D2-B43E-6AEB42792549}.Debug|Any CPU.ActiveCfg = Debug|Any CPU
		{10B7A14B-7E7F-40D2-B43E-6AEB42792549}.Debug|Any CPU.Build.0 = Debug|Any CPU
		{10B7A14B-7E7F-40D2-B43E-6AEB42792549}.Release|Any CPU.ActiveCfg = Release|Any CPU
		{10B7A14B-7E7F-40D2-B43E-6AEB42792549}.Release|Any CPU.Build.0 = Release|Any CPU
		{B9086F8A-A2F6-455D-A024-B2F779D57DAC}.Debug|Any CPU.ActiveCfg = Debug|Any CPU
		{B9086F8A-A2F6-455D-A024-B2F779D57DAC}.Debug|Any CPU.Build.0 = Debug|Any CPU
		{B9086F8A-A2F6-455D-A024-B2F779D57DAC}.Release|Any CPU.ActiveCfg = Release|Any CPU
		{B9086F8A-A2F6-455D-A024-B2F779D57DAC}.Release|Any CPU.Build.0 = Release|Any CPU
		{098CDCB8-700C-473D-9FDD-C35B4E119262}.Debug|Any CPU.ActiveCfg = Debug|Any CPU
		{098CDCB8-700C-473D-9FDD-C35B4E119262}.Debug|Any CPU.Build.0 = Debug|Any CPU
		{098CDCB8-700C-473D-9FDD-C35B4E119262}.Release|Any CPU.ActiveCfg = Release|Any CPU
		{098CDCB8-700C-473D-9FDD-C35B4E119262}.Release|Any CPU.Build.0 = Release|Any CPU
		{41E41287-7A0F-416D-A3CD-04E9BED6769D}.Debug|Any CPU.ActiveCfg = Debug|Any CPU
		{41E41287-7A0F-416D-A3CD-04E9BED6769D}.Debug|Any CPU.Build.0 = Debug|Any CPU
		{41E41287-7A0F-416D-A3CD-04E9BED6769D}.Release|Any CPU.ActiveCfg = Release|Any CPU
		{41E41287-7A0F-416D-A3CD-04E9BED6769D}.Release|Any CPU.Build.0 = Release|Any CPU
		{8374D6D5-C566-4354-B981-2E3C6DF2DB36}.Debug|Any CPU.ActiveCfg = Debug|Any CPU
		{8374D6D5-C566-4354-B981-2E3C6DF2DB36}.Debug|Any CPU.Build.0 = Debug|Any CPU
		{8374D6D5-C566-4354-B981-2E3C6DF2DB36}.Release|Any CPU.ActiveCfg = Release|Any CPU
		{8374D6D5-C566-4354-B981-2E3C6DF2DB36}.Release|Any CPU.Build.0 = Release|Any CPU
		{1D67961D-F120-4AB5-A09B-D08A9F7179AE}.Debug|Any CPU.ActiveCfg = Debug|Any CPU
		{1D67961D-F120-4AB5-A09B-D08A9F7179AE}.Debug|Any CPU.Build.0 = Debug|Any CPU
		{1D67961D-F120-4AB5-A09B-D08A9F7179AE}.Release|Any CPU.ActiveCfg = Release|Any CPU
		{1D67961D-F120-4AB5-A09B-D08A9F7179AE}.Release|Any CPU.Build.0 = Release|Any CPU
		{8F64A61A-9850-4F59-9016-B810F295D750}.Debug|Any CPU.ActiveCfg = Debug|Any CPU
		{8F64A61A-9850-4F59-9016-B810F295D750}.Debug|Any CPU.Build.0 = Debug|Any CPU
		{8F64A61A-9850-4F59-9016-B810F295D750}.Release|Any CPU.ActiveCfg = Release|Any CPU
		{8F64A61A-9850-4F59-9016-B810F295D750}.Release|Any CPU.Build.0 = Release|Any CPU
		{20E295E0-CB0D-4B4C-A605-176A2DDD92D4}.Debug|Any CPU.ActiveCfg = Debug|Any CPU
		{20E295E0-CB0D-4B4C-A605-176A2DDD92D4}.Debug|Any CPU.Build.0 = Debug|Any CPU
		{20E295E0-CB0D-4B4C-A605-176A2DDD92D4}.Release|Any CPU.ActiveCfg = Release|Any CPU
		{20E295E0-CB0D-4B4C-A605-176A2DDD92D4}.Release|Any CPU.Build.0 = Release|Any CPU
	EndGlobalSection
	GlobalSection(SolutionProperties) = preSolution
		HideSolutionNode = FALSE
	EndGlobalSection
	GlobalSection(NestedProjects) = preSolution
		{74BC8E41-D24F-45D2-B7C1-17C2AC50DD93} = {36D591C7-65C7-A0D1-1CBC-10CDE441BDC8}
		{9DE4F4B8-BD30-448A-9296-792F1D7E116C} = {36D591C7-65C7-A0D1-1CBC-10CDE441BDC8}
		{ABE2B486-0635-435D-B185-59C4BEBCF44F} = {36D591C7-65C7-A0D1-1CBC-10CDE441BDC8}
		{D2D2E458-F7A7-41A7-A543-EA736CF3DB4F} = {165A973C-878A-458E-BA04-67C7FDA6F3CC}
		{10B7A14B-7E7F-40D2-B43E-6AEB42792549} = {165A973C-878A-458E-BA04-67C7FDA6F3CC}
		{B9086F8A-A2F6-455D-A024-B2F779D57DAC} = {165A973C-878A-458E-BA04-67C7FDA6F3CC}
		{098CDCB8-700C-473D-9FDD-C35B4E119262} = {55D443A9-31F2-4243-A7FE-AB97E1F201BB}
		{41E41287-7A0F-416D-A3CD-04E9BED6769D} = {55D443A9-31F2-4243-A7FE-AB97E1F201BB}
		{8374D6D5-C566-4354-B981-2E3C6DF2DB36} = {55D443A9-31F2-4243-A7FE-AB97E1F201BB}
		{1D67961D-F120-4AB5-A09B-D08A9F7179AE} = {B74B4061-BCDE-433D-8685-36EACF69F070}
		{8F64A61A-9850-4F59-9016-B810F295D750} = {B74B4061-BCDE-433D-8685-36EACF69F070}
		{20E295E0-CB0D-4B4C-A605-176A2DDD92D4} = {B74B4061-BCDE-433D-8685-36EACF69F070}
	EndGlobalSection
	GlobalSection(ExtensibilityGlobals) = postSolution
		SolutionGuid = {CD273C98-8825-4560-8095-A5F308B4092A}
	EndGlobalSection
EndGlobal
